// !$*UTF8*$!
{
	archiveVersion = 1;
	classes = {
	};
	objectVersion = 56;
	objects = {

/* Begin PBXBuildFile section */
		5CC4D5DC2B8466A3005F2E55 /* GoogleService-Info.plist in Resources */ = {isa = PBXBuildFile; fileRef = 5CC4D5DB2B8466A3005F2E55 /* GoogleService-Info.plist */; };
		5CD606592B7F3D7500AC53DD /* PushDemoApp.swift in Sources */ = {isa = PBXBuildFile; fileRef = 5CD606582B7F3D7500AC53DD /* PushDemoApp.swift */; };
		5CD6065B2B7F3D7500AC53DD /* ContentView.swift in Sources */ = {isa = PBXBuildFile; fileRef = 5CD6065A2B7F3D7500AC53DD /* ContentView.swift */; };
		5CD6065D2B7F3D7700AC53DD /* Assets.xcassets in Resources */ = {isa = PBXBuildFile; fileRef = 5CD6065C2B7F3D7700AC53DD /* Assets.xcassets */; };
		5CD606602B7F3D7700AC53DD /* Preview Assets.xcassets in Resources */ = {isa = PBXBuildFile; fileRef = 5CD6065F2B7F3D7700AC53DD /* Preview Assets.xcassets */; };
		5CD6066B2B7F3F2300AC53DD /* FirebaseAnalytics in Frameworks */ = {isa = PBXBuildFile; productRef = 5CD6066A2B7F3F2300AC53DD /* FirebaseAnalytics */; };
		5CD6066D2B7F3F2300AC53DD /* FirebaseAnalyticsOnDeviceConversion in Frameworks */ = {isa = PBXBuildFile; productRef = 5CD6066C2B7F3F2300AC53DD /* FirebaseAnalyticsOnDeviceConversion */; };
		5CD6066F2B7F3F2300AC53DD /* FirebaseAnalyticsSwift in Frameworks */ = {isa = PBXBuildFile; productRef = 5CD6066E2B7F3F2300AC53DD /* FirebaseAnalyticsSwift */; };
		5CD606712B7F3F2300AC53DD /* FirebaseAnalyticsWithoutAdIdSupport in Frameworks */ = {isa = PBXBuildFile; productRef = 5CD606702B7F3F2300AC53DD /* FirebaseAnalyticsWithoutAdIdSupport */; };
		5CD606732B7F3F2300AC53DD /* FirebaseAppCheck in Frameworks */ = {isa = PBXBuildFile; productRef = 5CD606722B7F3F2300AC53DD /* FirebaseAppCheck */; };
		5CD606762B7F46B800AC53DD /* FirebaseAnalytics in Frameworks */ = {isa = PBXBuildFile; productRef = 5CD606752B7F46B800AC53DD /* FirebaseAnalytics */; };
		5CD606782B7F46B800AC53DD /* FirebaseAnalyticsOnDeviceConversion in Frameworks */ = {isa = PBXBuildFile; productRef = 5CD606772B7F46B800AC53DD /* FirebaseAnalyticsOnDeviceConversion */; };
		5CD6067A2B7F46B800AC53DD /* FirebaseAnalyticsSwift in Frameworks */ = {isa = PBXBuildFile; productRef = 5CD606792B7F46B800AC53DD /* FirebaseAnalyticsSwift */; };
		5CD6067C2B7F46B800AC53DD /* FirebaseAnalyticsWithoutAdIdSupport in Frameworks */ = {isa = PBXBuildFile; productRef = 5CD6067B2B7F46B800AC53DD /* FirebaseAnalyticsWithoutAdIdSupport */; };
		5CD6067E2B7F46B800AC53DD /* FirebaseAppCheck in Frameworks */ = {isa = PBXBuildFile; productRef = 5CD6067D2B7F46B800AC53DD /* FirebaseAppCheck */; };
		5CD606802B7F46B800AC53DD /* FirebaseAppDistribution-Beta in Frameworks */ = {isa = PBXBuildFile; productRef = 5CD6067F2B7F46B800AC53DD /* FirebaseAppDistribution-Beta */; };
		5CD606822B7F46B800AC53DD /* FirebaseAuth in Frameworks */ = {isa = PBXBuildFile; productRef = 5CD606812B7F46B800AC53DD /* FirebaseAuth */; };
		5CD606842B7F46B800AC53DD /* FirebaseAuthCombine-Community in Frameworks */ = {isa = PBXBuildFile; productRef = 5CD606832B7F46B800AC53DD /* FirebaseAuthCombine-Community */; };
		5CD606862B7F46B800AC53DD /* FirebaseCrashlytics in Frameworks */ = {isa = PBXBuildFile; productRef = 5CD606852B7F46B800AC53DD /* FirebaseCrashlytics */; };
		5CD606882B7F46B800AC53DD /* FirebaseDatabase in Frameworks */ = {isa = PBXBuildFile; productRef = 5CD606872B7F46B800AC53DD /* FirebaseDatabase */; };
		5CD6068A2B7F46B800AC53DD /* FirebaseDatabaseSwift in Frameworks */ = {isa = PBXBuildFile; productRef = 5CD606892B7F46B800AC53DD /* FirebaseDatabaseSwift */; };
		5CD6068C2B7F46B800AC53DD /* FirebaseDynamicLinks in Frameworks */ = {isa = PBXBuildFile; productRef = 5CD6068B2B7F46B800AC53DD /* FirebaseDynamicLinks */; };
		5CD6068E2B7F46B800AC53DD /* FirebaseFirestore in Frameworks */ = {isa = PBXBuildFile; productRef = 5CD6068D2B7F46B800AC53DD /* FirebaseFirestore */; };
		5CD606902B7F46B800AC53DD /* FirebaseFirestoreCombine-Community in Frameworks */ = {isa = PBXBuildFile; productRef = 5CD6068F2B7F46B800AC53DD /* FirebaseFirestoreCombine-Community */; };
		5CD606922B7F46B800AC53DD /* FirebaseFirestoreSwift in Frameworks */ = {isa = PBXBuildFile; productRef = 5CD606912B7F46B800AC53DD /* FirebaseFirestoreSwift */; };
		5CD606942B7F46B800AC53DD /* FirebaseFunctions in Frameworks */ = {isa = PBXBuildFile; productRef = 5CD606932B7F46B800AC53DD /* FirebaseFunctions */; };
		5CD606962B7F46B800AC53DD /* FirebaseFunctionsCombine-Community in Frameworks */ = {isa = PBXBuildFile; productRef = 5CD606952B7F46B800AC53DD /* FirebaseFunctionsCombine-Community */; };
		5CD606982B7F46B800AC53DD /* FirebaseInAppMessaging-Beta in Frameworks */ = {isa = PBXBuildFile; productRef = 5CD606972B7F46B800AC53DD /* FirebaseInAppMessaging-Beta */; };
		5CD6069A2B7F46B800AC53DD /* FirebaseInAppMessagingSwift-Beta in Frameworks */ = {isa = PBXBuildFile; productRef = 5CD606992B7F46B800AC53DD /* FirebaseInAppMessagingSwift-Beta */; };
		5CD6069C2B7F46B800AC53DD /* FirebaseInstallations in Frameworks */ = {isa = PBXBuildFile; productRef = 5CD6069B2B7F46B800AC53DD /* FirebaseInstallations */; };
		5CD6069E2B7F46B800AC53DD /* FirebaseMLModelDownloader in Frameworks */ = {isa = PBXBuildFile; productRef = 5CD6069D2B7F46B800AC53DD /* FirebaseMLModelDownloader */; };
		5CD606A02B7F46B800AC53DD /* FirebaseMessaging in Frameworks */ = {isa = PBXBuildFile; productRef = 5CD6069F2B7F46B800AC53DD /* FirebaseMessaging */; };
		5CD606A22B7F46B800AC53DD /* FirebasePerformance in Frameworks */ = {isa = PBXBuildFile; productRef = 5CD606A12B7F46B800AC53DD /* FirebasePerformance */; };
		5CD606A42B7F46B800AC53DD /* FirebaseRemoteConfig in Frameworks */ = {isa = PBXBuildFile; productRef = 5CD606A32B7F46B800AC53DD /* FirebaseRemoteConfig */; };
		5CD606A62B7F46B800AC53DD /* FirebaseRemoteConfigSwift in Frameworks */ = {isa = PBXBuildFile; productRef = 5CD606A52B7F46B800AC53DD /* FirebaseRemoteConfigSwift */; };
		5CD606A82B7F46B800AC53DD /* FirebaseStorage in Frameworks */ = {isa = PBXBuildFile; productRef = 5CD606A72B7F46B800AC53DD /* FirebaseStorage */; };
		5CD606AA2B7F46B800AC53DD /* FirebaseStorageCombine-Community in Frameworks */ = {isa = PBXBuildFile; productRef = 5CD606A92B7F46B800AC53DD /* FirebaseStorageCombine-Community */; };
/* End PBXBuildFile section */

/* Begin PBXFileReference section */
		5CC4D5DB2B8466A3005F2E55 /* GoogleService-Info.plist */ = {isa = PBXFileReference; fileEncoding = 4; lastKnownFileType = text.plist.xml; path = "GoogleService-Info.plist"; sourceTree = "<group>"; };
		5CD606552B7F3D7500AC53DD /* PushDemo.app */ = {isa = PBXFileReference; explicitFileType = wrapper.application; includeInIndex = 0; path = PushDemo.app; sourceTree = BUILT_PRODUCTS_DIR; };
		5CD606582B7F3D7500AC53DD /* PushDemoApp.swift */ = {isa = PBXFileReference; lastKnownFileType = sourcecode.swift; path = PushDemoApp.swift; sourceTree = "<group>"; };
		5CD6065A2B7F3D7500AC53DD /* ContentView.swift */ = {isa = PBXFileReference; lastKnownFileType = sourcecode.swift; path = ContentView.swift; sourceTree = "<group>"; };
		5CD6065C2B7F3D7700AC53DD /* Assets.xcassets */ = {isa = PBXFileReference; lastKnownFileType = folder.assetcatalog; path = Assets.xcassets; sourceTree = "<group>"; };
		5CD6065F2B7F3D7700AC53DD /* Preview Assets.xcassets */ = {isa = PBXFileReference; lastKnownFileType = folder.assetcatalog; path = "Preview Assets.xcassets"; sourceTree = "<group>"; };
		5CD606662B7F3D9D00AC53DD /* PushDemo.entitlements */ = {isa = PBXFileReference; lastKnownFileType = text.plist.entitlements; path = PushDemo.entitlements; sourceTree = "<group>"; };
		5CD606742B7F464300AC53DD /* Info.plist */ = {isa = PBXFileReference; lastKnownFileType = text.plist; path = Info.plist; sourceTree = "<group>"; };
/* End PBXFileReference section */

/* Begin PBXFrameworksBuildPhase section */
		5CD606522B7F3D7500AC53DD /* Frameworks */ = {
			isa = PBXFrameworksBuildPhase;
			buildActionMask = 2147483647;
			files = (
				5CD606A02B7F46B800AC53DD /* FirebaseMessaging in Frameworks */,
				5CD606902B7F46B800AC53DD /* FirebaseFirestoreCombine-Community in Frameworks */,
				5CD606882B7F46B800AC53DD /* FirebaseDatabase in Frameworks */,
				5CD6066F2B7F3F2300AC53DD /* FirebaseAnalyticsSwift in Frameworks */,
				5CD606A82B7F46B800AC53DD /* FirebaseStorage in Frameworks */,
				5CD6066B2B7F3F2300AC53DD /* FirebaseAnalytics in Frameworks */,
				5CD606762B7F46B800AC53DD /* FirebaseAnalytics in Frameworks */,
				5CD606862B7F46B800AC53DD /* FirebaseCrashlytics in Frameworks */,
				5CD6068E2B7F46B800AC53DD /* FirebaseFirestore in Frameworks */,
				5CD6068C2B7F46B800AC53DD /* FirebaseDynamicLinks in Frameworks */,
				5CD606AA2B7F46B800AC53DD /* FirebaseStorageCombine-Community in Frameworks */,
				5CD606782B7F46B800AC53DD /* FirebaseAnalyticsOnDeviceConversion in Frameworks */,
				5CD606962B7F46B800AC53DD /* FirebaseFunctionsCombine-Community in Frameworks */,
				5CD6069A2B7F46B800AC53DD /* FirebaseInAppMessagingSwift-Beta in Frameworks */,
				5CD6069E2B7F46B800AC53DD /* FirebaseMLModelDownloader in Frameworks */,
				5CD606982B7F46B800AC53DD /* FirebaseInAppMessaging-Beta in Frameworks */,
				5CD606A22B7F46B800AC53DD /* FirebasePerformance in Frameworks */,
				5CD606842B7F46B800AC53DD /* FirebaseAuthCombine-Community in Frameworks */,
				5CD6067A2B7F46B800AC53DD /* FirebaseAnalyticsSwift in Frameworks */,
				5CD6068A2B7F46B800AC53DD /* FirebaseDatabaseSwift in Frameworks */,
				5CD6066D2B7F3F2300AC53DD /* FirebaseAnalyticsOnDeviceConversion in Frameworks */,
				5CD606A42B7F46B800AC53DD /* FirebaseRemoteConfig in Frameworks */,
				5CD606732B7F3F2300AC53DD /* FirebaseAppCheck in Frameworks */,
				5CD606822B7F46B800AC53DD /* FirebaseAuth in Frameworks */,
				5CD606942B7F46B800AC53DD /* FirebaseFunctions in Frameworks */,
				5CD6069C2B7F46B800AC53DD /* FirebaseInstallations in Frameworks */,
				5CD606922B7F46B800AC53DD /* FirebaseFirestoreSwift in Frameworks */,
				5CD6067C2B7F46B800AC53DD /* FirebaseAnalyticsWithoutAdIdSupport in Frameworks */,
				5CD6067E2B7F46B800AC53DD /* FirebaseAppCheck in Frameworks */,
				5CD606A62B7F46B800AC53DD /* FirebaseRemoteConfigSwift in Frameworks */,
				5CD606802B7F46B800AC53DD /* FirebaseAppDistribution-Beta in Frameworks */,
				5CD606712B7F3F2300AC53DD /* FirebaseAnalyticsWithoutAdIdSupport in Frameworks */,
			);
			runOnlyForDeploymentPostprocessing = 0;
		};
/* End PBXFrameworksBuildPhase section */

/* Begin PBXGroup section */
		5CD6064C2B7F3D7500AC53DD = {
			isa = PBXGroup;
			children = (
				5CD606572B7F3D7500AC53DD /* PushDemo */,
				5CD606562B7F3D7500AC53DD /* Products */,
			);
			sourceTree = "<group>";
		};
		5CD606562B7F3D7500AC53DD /* Products */ = {
			isa = PBXGroup;
			children = (
				5CD606552B7F3D7500AC53DD /* PushDemo.app */,
			);
			name = Products;
			sourceTree = "<group>";
		};
		5CD606572B7F3D7500AC53DD /* PushDemo */ = {
			isa = PBXGroup;
			children = (
				5CD606742B7F464300AC53DD /* Info.plist */,
				5CC4D5DB2B8466A3005F2E55 /* GoogleService-Info.plist */,
				5CD606662B7F3D9D00AC53DD /* PushDemo.entitlements */,
				5CD606582B7F3D7500AC53DD /* PushDemoApp.swift */,
				5CD6065A2B7F3D7500AC53DD /* ContentView.swift */,
				5CD6065C2B7F3D7700AC53DD /* Assets.xcassets */,
				5CD6065E2B7F3D7700AC53DD /* Preview Content */,
			);
			path = PushDemo;
			sourceTree = "<group>";
		};
		5CD6065E2B7F3D7700AC53DD /* Preview Content */ = {
			isa = PBXGroup;
			children = (
				5CD6065F2B7F3D7700AC53DD /* Preview Assets.xcassets */,
			);
			path = "Preview Content";
			sourceTree = "<group>";
		};
/* End PBXGroup section */

/* Begin PBXNativeTarget section */
		5CD606542B7F3D7500AC53DD /* PushDemo */ = {
			isa = PBXNativeTarget;
			buildConfigurationList = 5CD606632B7F3D7700AC53DD /* Build configuration list for PBXNativeTarget "PushDemo" */;
			buildPhases = (
				5CD606512B7F3D7500AC53DD /* Sources */,
				5CD606522B7F3D7500AC53DD /* Frameworks */,
				5CD606532B7F3D7500AC53DD /* Resources */,
			);
			buildRules = (
			);
			dependencies = (
			);
			name = PushDemo;
			packageProductDependencies = (
				5CD6066A2B7F3F2300AC53DD /* FirebaseAnalytics */,
				5CD6066C2B7F3F2300AC53DD /* FirebaseAnalyticsOnDeviceConversion */,
				5CD6066E2B7F3F2300AC53DD /* FirebaseAnalyticsSwift */,
				5CD606702B7F3F2300AC53DD /* FirebaseAnalyticsWithoutAdIdSupport */,
				5CD606722B7F3F2300AC53DD /* FirebaseAppCheck */,
				5CD606752B7F46B800AC53DD /* FirebaseAnalytics */,
				5CD606772B7F46B800AC53DD /* FirebaseAnalyticsOnDeviceConversion */,
				5CD606792B7F46B800AC53DD /* FirebaseAnalyticsSwift */,
				5CD6067B2B7F46B800AC53DD /* FirebaseAnalyticsWithoutAdIdSupport */,
				5CD6067D2B7F46B800AC53DD /* FirebaseAppCheck */,
				5CD6067F2B7F46B800AC53DD /* FirebaseAppDistribution-Beta */,
				5CD606812B7F46B800AC53DD /* FirebaseAuth */,
				5CD606832B7F46B800AC53DD /* FirebaseAuthCombine-Community */,
				5CD606852B7F46B800AC53DD /* FirebaseCrashlytics */,
				5CD606872B7F46B800AC53DD /* FirebaseDatabase */,
				5CD606892B7F46B800AC53DD /* FirebaseDatabaseSwift */,
				5CD6068B2B7F46B800AC53DD /* FirebaseDynamicLinks */,
				5CD6068D2B7F46B800AC53DD /* FirebaseFirestore */,
				5CD6068F2B7F46B800AC53DD /* FirebaseFirestoreCombine-Community */,
				5CD606912B7F46B800AC53DD /* FirebaseFirestoreSwift */,
				5CD606932B7F46B800AC53DD /* FirebaseFunctions */,
				5CD606952B7F46B800AC53DD /* FirebaseFunctionsCombine-Community */,
				5CD606972B7F46B800AC53DD /* FirebaseInAppMessaging-Beta */,
				5CD606992B7F46B800AC53DD /* FirebaseInAppMessagingSwift-Beta */,
				5CD6069B2B7F46B800AC53DD /* FirebaseInstallations */,
				5CD6069D2B7F46B800AC53DD /* FirebaseMLModelDownloader */,
				5CD6069F2B7F46B800AC53DD /* FirebaseMessaging */,
				5CD606A12B7F46B800AC53DD /* FirebasePerformance */,
				5CD606A32B7F46B800AC53DD /* FirebaseRemoteConfig */,
				5CD606A52B7F46B800AC53DD /* FirebaseRemoteConfigSwift */,
				5CD606A72B7F46B800AC53DD /* FirebaseStorage */,
				5CD606A92B7F46B800AC53DD /* FirebaseStorageCombine-Community */,
			);
			productName = PushDemo;
			productReference = 5CD606552B7F3D7500AC53DD /* PushDemo.app */;
			productType = "com.apple.product-type.application";
		};
/* End PBXNativeTarget section */

/* Begin PBXProject section */
		5CD6064D2B7F3D7500AC53DD /* Project object */ = {
			isa = PBXProject;
			attributes = {
				BuildIndependentTargetsInParallel = 1;
				LastSwiftUpdateCheck = 1510;
				LastUpgradeCheck = 1510;
				TargetAttributes = {
					5CD606542B7F3D7500AC53DD = {
						CreatedOnToolsVersion = 15.1;
					};
				};
			};
			buildConfigurationList = 5CD606502B7F3D7500AC53DD /* Build configuration list for PBXProject "PushDemo" */;
			compatibilityVersion = "Xcode 14.0";
			developmentRegion = en;
			hasScannedForEncodings = 0;
			knownRegions = (
				en,
				Base,
			);
			mainGroup = 5CD6064C2B7F3D7500AC53DD;
			packageReferences = (
				5CD606692B7F3F2300AC53DD /* XCRemoteSwiftPackageReference "firebase-ios-sdk" */,
			);
			productRefGroup = 5CD606562B7F3D7500AC53DD /* Products */;
			projectDirPath = "";
			projectRoot = "";
			targets = (
				5CD606542B7F3D7500AC53DD /* PushDemo */,
			);
		};
/* End PBXProject section */

/* Begin PBXResourcesBuildPhase section */
		5CD606532B7F3D7500AC53DD /* Resources */ = {
			isa = PBXResourcesBuildPhase;
			buildActionMask = 2147483647;
			files = (
				5CD606602B7F3D7700AC53DD /* Preview Assets.xcassets in Resources */,
				5CD6065D2B7F3D7700AC53DD /* Assets.xcassets in Resources */,
				5CC4D5DC2B8466A3005F2E55 /* GoogleService-Info.plist in Resources */,
			);
			runOnlyForDeploymentPostprocessing = 0;
		};
/* End PBXResourcesBuildPhase section */

/* Begin PBXSourcesBuildPhase section */
		5CD606512B7F3D7500AC53DD /* Sources */ = {
			isa = PBXSourcesBuildPhase;
			buildActionMask = 2147483647;
			files = (
				5CD6065B2B7F3D7500AC53DD /* ContentView.swift in Sources */,
				5CD606592B7F3D7500AC53DD /* PushDemoApp.swift in Sources */,
			);
			runOnlyForDeploymentPostprocessing = 0;
		};
/* End PBXSourcesBuildPhase section */

/* Begin XCBuildConfiguration section */
		5CD606612B7F3D7700AC53DD /* Debug */ = {
			isa = XCBuildConfiguration;
			buildSettings = {
				ALWAYS_SEARCH_USER_PATHS = NO;
				ASSETCATALOG_COMPILER_GENERATE_SWIFT_ASSET_SYMBOL_EXTENSIONS = YES;
				CLANG_ANALYZER_NONNULL = YES;
				CLANG_ANALYZER_NUMBER_OBJECT_CONVERSION = YES_AGGRESSIVE;
				CLANG_CXX_LANGUAGE_STANDARD = "gnu++20";
				CLANG_ENABLE_MODULES = YES;
				CLANG_ENABLE_OBJC_ARC = YES;
				CLANG_ENABLE_OBJC_WEAK = YES;
				CLANG_WARN_BLOCK_CAPTURE_AUTORELEASING = YES;
				CLANG_WARN_BOOL_CONVERSION = YES;
				CLANG_WARN_COMMA = YES;
				CLANG_WARN_CONSTANT_CONVERSION = YES;
				CLANG_WARN_DEPRECATED_OBJC_IMPLEMENTATIONS = YES;
				CLANG_WARN_DIRECT_OBJC_ISA_USAGE = YES_ERROR;
				CLANG_WARN_DOCUMENTATION_COMMENTS = YES;
				CLANG_WARN_EMPTY_BODY = YES;
				CLANG_WARN_ENUM_CONVERSION = YES;
				CLANG_WARN_INFINITE_RECURSION = YES;
				CLANG_WARN_INT_CONVERSION = YES;
				CLANG_WARN_NON_LITERAL_NULL_CONVERSION = YES;
				CLANG_WARN_OBJC_IMPLICIT_RETAIN_SELF = YES;
				CLANG_WARN_OBJC_LITERAL_CONVERSION = YES;
				CLANG_WARN_OBJC_ROOT_CLASS = YES_ERROR;
				CLANG_WARN_QUOTED_INCLUDE_IN_FRAMEWORK_HEADER = YES;
				CLANG_WARN_RANGE_LOOP_ANALYSIS = YES;
				CLANG_WARN_STRICT_PROTOTYPES = YES;
				CLANG_WARN_SUSPICIOUS_MOVE = YES;
				CLANG_WARN_UNGUARDED_AVAILABILITY = YES_AGGRESSIVE;
				CLANG_WARN_UNREACHABLE_CODE = YES;
				CLANG_WARN__DUPLICATE_METHOD_MATCH = YES;
				COPY_PHASE_STRIP = NO;
				DEBUG_INFORMATION_FORMAT = dwarf;
				ENABLE_STRICT_OBJC_MSGSEND = YES;
				ENABLE_TESTABILITY = YES;
				ENABLE_USER_SCRIPT_SANDBOXING = YES;
				GCC_C_LANGUAGE_STANDARD = gnu17;
				GCC_DYNAMIC_NO_PIC = NO;
				GCC_NO_COMMON_BLOCKS = YES;
				GCC_OPTIMIZATION_LEVEL = 0;
				GCC_PREPROCESSOR_DEFINITIONS = (
					"DEBUG=1",
					"$(inherited)",
				);
				GCC_WARN_64_TO_32_BIT_CONVERSION = YES;
				GCC_WARN_ABOUT_RETURN_TYPE = YES_ERROR;
				GCC_WARN_UNDECLARED_SELECTOR = YES;
				GCC_WARN_UNINITIALIZED_AUTOS = YES_AGGRESSIVE;
				GCC_WARN_UNUSED_FUNCTION = YES;
				GCC_WARN_UNUSED_VARIABLE = YES;
				IPHONEOS_DEPLOYMENT_TARGET = 17.2;
				LOCALIZATION_PREFERS_STRING_CATALOGS = YES;
				MTL_ENABLE_DEBUG_INFO = INCLUDE_SOURCE;
				MTL_FAST_MATH = YES;
				ONLY_ACTIVE_ARCH = YES;
				SDKROOT = iphoneos;
				SWIFT_ACTIVE_COMPILATION_CONDITIONS = "DEBUG $(inherited)";
				SWIFT_OPTIMIZATION_LEVEL = "-Onone";
			};
			name = Debug;
		};
		5CD606622B7F3D7700AC53DD /* Release */ = {
			isa = XCBuildConfiguration;
			buildSettings = {
				ALWAYS_SEARCH_USER_PATHS = NO;
				ASSETCATALOG_COMPILER_GENERATE_SWIFT_ASSET_SYMBOL_EXTENSIONS = YES;
				CLANG_ANALYZER_NONNULL = YES;
				CLANG_ANALYZER_NUMBER_OBJECT_CONVERSION = YES_AGGRESSIVE;
				CLANG_CXX_LANGUAGE_STANDARD = "gnu++20";
				CLANG_ENABLE_MODULES = YES;
				CLANG_ENABLE_OBJC_ARC = YES;
				CLANG_ENABLE_OBJC_WEAK = YES;
				CLANG_WARN_BLOCK_CAPTURE_AUTORELEASING = YES;
				CLANG_WARN_BOOL_CONVERSION = YES;
				CLANG_WARN_COMMA = YES;
				CLANG_WARN_CONSTANT_CONVERSION = YES;
				CLANG_WARN_DEPRECATED_OBJC_IMPLEMENTATIONS = YES;
				CLANG_WARN_DIRECT_OBJC_ISA_USAGE = YES_ERROR;
				CLANG_WARN_DOCUMENTATION_COMMENTS = YES;
				CLANG_WARN_EMPTY_BODY = YES;
				CLANG_WARN_ENUM_CONVERSION = YES;
				CLANG_WARN_INFINITE_RECURSION = YES;
				CLANG_WARN_INT_CONVERSION = YES;
				CLANG_WARN_NON_LITERAL_NULL_CONVERSION = YES;
				CLANG_WARN_OBJC_IMPLICIT_RETAIN_SELF = YES;
				CLANG_WARN_OBJC_LITERAL_CONVERSION = YES;
				CLANG_WARN_OBJC_ROOT_CLASS = YES_ERROR;
				CLANG_WARN_QUOTED_INCLUDE_IN_FRAMEWORK_HEADER = YES;
				CLANG_WARN_RANGE_LOOP_ANALYSIS = YES;
				CLANG_WARN_STRICT_PROTOTYPES = YES;
				CLANG_WARN_SUSPICIOUS_MOVE = YES;
				CLANG_WARN_UNGUARDED_AVAILABILITY = YES_AGGRESSIVE;
				CLANG_WARN_UNREACHABLE_CODE = YES;
				CLANG_WARN__DUPLICATE_METHOD_MATCH = YES;
				COPY_PHASE_STRIP = NO;
				DEBUG_INFORMATION_FORMAT = "dwarf-with-dsym";
				ENABLE_NS_ASSERTIONS = NO;
				ENABLE_STRICT_OBJC_MSGSEND = YES;
				ENABLE_USER_SCRIPT_SANDBOXING = YES;
				GCC_C_LANGUAGE_STANDARD = gnu17;
				GCC_NO_COMMON_BLOCKS = YES;
				GCC_WARN_64_TO_32_BIT_CONVERSION = YES;
				GCC_WARN_ABOUT_RETURN_TYPE = YES_ERROR;
				GCC_WARN_UNDECLARED_SELECTOR = YES;
				GCC_WARN_UNINITIALIZED_AUTOS = YES_AGGRESSIVE;
				GCC_WARN_UNUSED_FUNCTION = YES;
				GCC_WARN_UNUSED_VARIABLE = YES;
				IPHONEOS_DEPLOYMENT_TARGET = 17.2;
				LOCALIZATION_PREFERS_STRING_CATALOGS = YES;
				MTL_ENABLE_DEBUG_INFO = NO;
				MTL_FAST_MATH = YES;
				SDKROOT = iphoneos;
				SWIFT_COMPILATION_MODE = wholemodule;
				VALIDATE_PRODUCT = YES;
			};
			name = Release;
		};
		5CD606642B7F3D7700AC53DD /* Debug */ = {
			isa = XCBuildConfiguration;
			buildSettings = {
				ASSETCATALOG_COMPILER_APPICON_NAME = AppIcon;
				ASSETCATALOG_COMPILER_GLOBAL_ACCENT_COLOR_NAME = AccentColor;
				CODE_SIGN_ENTITLEMENTS = PushDemo/PushDemo.entitlements;
				CODE_SIGN_IDENTITY = "Apple Development";
				"CODE_SIGN_IDENTITY[sdk=iphoneos*]" = "iPhone Developer";
				CODE_SIGN_STYLE = Manual;
				CURRENT_PROJECT_VERSION = 1;
				DEVELOPMENT_ASSET_PATHS = "\"PushDemo/Preview Content\"";
				DEVELOPMENT_TEAM = "";
				"DEVELOPMENT_TEAM[sdk=iphoneos*]" = KVX67TSKSQ;
				ENABLE_PREVIEWS = YES;
				GENERATE_INFOPLIST_FILE = YES;
				INFOPLIST_FILE = PushDemo/Info.plist;
				INFOPLIST_KEY_UIApplicationSceneManifest_Generation = YES;
				INFOPLIST_KEY_UIApplicationSupportsIndirectInputEvents = YES;
				INFOPLIST_KEY_UILaunchScreen_Generation = YES;
				INFOPLIST_KEY_UISupportedInterfaceOrientations_iPad = "UIInterfaceOrientationPortrait UIInterfaceOrientationPortraitUpsideDown UIInterfaceOrientationLandscapeLeft UIInterfaceOrientationLandscapeRight";
				INFOPLIST_KEY_UISupportedInterfaceOrientations_iPhone = "UIInterfaceOrientationPortrait UIInterfaceOrientationLandscapeLeft UIInterfaceOrientationLandscapeRight";
				LD_RUNPATH_SEARCH_PATHS = (
					"$(inherited)",
					"@executable_path/Frameworks",
				);
				MARKETING_VERSION = 1.0;
				PRODUCT_BUNDLE_IDENTIFIER = com.bookBridge;
				PRODUCT_NAME = "$(TARGET_NAME)";
				PROVISIONING_PROFILE_SPECIFIER = "";
				"PROVISIONING_PROFILE_SPECIFIER[sdk=iphoneos*]" = DevelopBookBrigeProfile;
				SWIFT_EMIT_LOC_STRINGS = YES;
				SWIFT_VERSION = 5.0;
				TARGETED_DEVICE_FAMILY = "1,2";
			};
			name = Debug;
		};
		5CD606652B7F3D7700AC53DD /* Release */ = {
			isa = XCBuildConfiguration;
			buildSettings = {
				ASSETCATALOG_COMPILER_APPICON_NAME = AppIcon;
				ASSETCATALOG_COMPILER_GLOBAL_ACCENT_COLOR_NAME = AccentColor;
				CODE_SIGN_ENTITLEMENTS = PushDemo/PushDemo.entitlements;
				CODE_SIGN_IDENTITY = "Apple Development";
				"CODE_SIGN_IDENTITY[sdk=iphoneos*]" = "iPhone Developer";
				CODE_SIGN_STYLE = Manual;
				CURRENT_PROJECT_VERSION = 1;
				DEVELOPMENT_ASSET_PATHS = "\"PushDemo/Preview Content\"";
				DEVELOPMENT_TEAM = "";
				"DEVELOPMENT_TEAM[sdk=iphoneos*]" = KVX67TSKSQ;
				ENABLE_PREVIEWS = YES;
				GENERATE_INFOPLIST_FILE = YES;
				INFOPLIST_FILE = PushDemo/Info.plist;
				INFOPLIST_KEY_UIApplicationSceneManifest_Generation = YES;
				INFOPLIST_KEY_UIApplicationSupportsIndirectInputEvents = YES;
				INFOPLIST_KEY_UILaunchScreen_Generation = YES;
				INFOPLIST_KEY_UISupportedInterfaceOrientations_iPad = "UIInterfaceOrientationPortrait UIInterfaceOrientationPortraitUpsideDown UIInterfaceOrientationLandscapeLeft UIInterfaceOrientationLandscapeRight";
				INFOPLIST_KEY_UISupportedInterfaceOrientations_iPhone = "UIInterfaceOrientationPortrait UIInterfaceOrientationLandscapeLeft UIInterfaceOrientationLandscapeRight";
				LD_RUNPATH_SEARCH_PATHS = (
					"$(inherited)",
					"@executable_path/Frameworks",
				);
				MARKETING_VERSION = 1.0;
				PRODUCT_BUNDLE_IDENTIFIER = com.bookBridge;
				PRODUCT_NAME = "$(TARGET_NAME)";
				PROVISIONING_PROFILE_SPECIFIER = "";
				"PROVISIONING_PROFILE_SPECIFIER[sdk=iphoneos*]" = DevelopBookBrigeProfile;
				SWIFT_EMIT_LOC_STRINGS = YES;
				SWIFT_VERSION = 5.0;
				TARGETED_DEVICE_FAMILY = "1,2";
			};
			name = Release;
		};
/* End XCBuildConfiguration section */

/* Begin XCConfigurationList section */
		5CD606502B7F3D7500AC53DD /* Build configuration list for PBXProject "PushDemo" */ = {
			isa = XCConfigurationList;
			buildConfigurations = (
				5CD606612B7F3D7700AC53DD /* Debug */,
				5CD606622B7F3D7700AC53DD /* Release */,
			);
			defaultConfigurationIsVisible = 0;
			defaultConfigurationName = Release;
		};
		5CD606632B7F3D7700AC53DD /* Build configuration list for PBXNativeTarget "PushDemo" */ = {
			isa = XCConfigurationList;
			buildConfigurations = (
				5CD606642B7F3D7700AC53DD /* Debug */,
				5CD606652B7F3D7700AC53DD /* Release */,
			);
			defaultConfigurationIsVisible = 0;
			defaultConfigurationName = Release;
		};
/* End XCConfigurationList section */

/* Begin XCRemoteSwiftPackageReference section */
		5CD606692B7F3F2300AC53DD /* XCRemoteSwiftPackageReference "firebase-ios-sdk" */ = {
			isa = XCRemoteSwiftPackageReference;
			repositoryURL = "https://github.com/firebase/firebase-ios-sdk";
			requirement = {
				kind = upToNextMajorVersion;
				minimumVersion = 10.21.0;
			};
		};
/* End XCRemoteSwiftPackageReference section */

/* Begin XCSwiftPackageProductDependency section */
		5CD6066A2B7F3F2300AC53DD /* FirebaseAnalytics */ = {
			isa = XCSwiftPackageProductDependency;
			package = 5CD606692B7F3F2300AC53DD /* XCRemoteSwiftPackageReference "firebase-ios-sdk" */;
			productName = FirebaseAnalytics;
		};
		5CD6066C2B7F3F2300AC53DD /* FirebaseAnalyticsOnDeviceConversion */ = {
			isa = XCSwiftPackageProductDependency;
			package = 5CD606692B7F3F2300AC53DD /* XCRemoteSwiftPackageReference "firebase-ios-sdk" */;
			productName = FirebaseAnalyticsOnDeviceConversion;
		};
		5CD6066E2B7F3F2300AC53DD /* FirebaseAnalyticsSwift */ = {
			isa = XCSwiftPackageProductDependency;
			package = 5CD606692B7F3F2300AC53DD /* XCRemoteSwiftPackageReference "firebase-ios-sdk" */;
			productName = FirebaseAnalyticsSwift;
		};
		5CD606702B7F3F2300AC53DD /* FirebaseAnalyticsWithoutAdIdSupport */ = {
			isa = XCSwiftPackageProductDependency;
			package = 5CD606692B7F3F2300AC53DD /* XCRemoteSwiftPackageReference "firebase-ios-sdk" */;
			productName = FirebaseAnalyticsWithoutAdIdSupport;
		};
		5CD606722B7F3F2300AC53DD /* FirebaseAppCheck */ = {
			isa = XCSwiftPackageProductDependency;
			package = 5CD606692B7F3F2300AC53DD /* XCRemoteSwiftPackageReference "firebase-ios-sdk" */;
			productName = FirebaseAppCheck;
		};
		5CD606752B7F46B800AC53DD /* FirebaseAnalytics */ = {
			isa = XCSwiftPackageProductDependency;
			package = 5CD606692B7F3F2300AC53DD /* XCRemoteSwiftPackageReference "firebase-ios-sdk" */;
			productName = FirebaseAnalytics;
		};
		5CD606772B7F46B800AC53DD /* FirebaseAnalyticsOnDeviceConversion */ = {
			isa = XCSwiftPackageProductDependency;
			package = 5CD606692B7F3F2300AC53DD /* XCRemoteSwiftPackageReference "firebase-ios-sdk" */;
			productName = FirebaseAnalyticsOnDeviceConversion;
		};
		5CD606792B7F46B800AC53DD /* FirebaseAnalyticsSwift */ = {
			isa = XCSwiftPackageProductDependency;
			package = 5CD606692B7F3F2300AC53DD /* XCRemoteSwiftPackageReference "firebase-ios-sdk" */;
			productName = FirebaseAnalyticsSwift;
		};
		5CD6067B2B7F46B800AC53DD /* FirebaseAnalyticsWithoutAdIdSupport */ = {
			isa = XCSwiftPackageProductDependency;
			package = 5CD606692B7F3F2300AC53DD /* XCRemoteSwiftPackageReference "firebase-ios-sdk" */;
			productName = FirebaseAnalyticsWithoutAdIdSupport;
		};
		5CD6067D2B7F46B800AC53DD /* FirebaseAppCheck */ = {
			isa = XCSwiftPackageProductDependency;
			package = 5CD606692B7F3F2300AC53DD /* XCRemoteSwiftPackageReference "firebase-ios-sdk" */;
			productName = FirebaseAppCheck;
		};
		5CD6067F2B7F46B800AC53DD /* FirebaseAppDistribution-Beta */ = {
			isa = XCSwiftPackageProductDependency;
			package = 5CD606692B7F3F2300AC53DD /* XCRemoteSwiftPackageReference "firebase-ios-sdk" */;
			productName = "FirebaseAppDistribution-Beta";
		};
		5CD606812B7F46B800AC53DD /* FirebaseAuth */ = {
			isa = XCSwiftPackageProductDependency;
			package = 5CD606692B7F3F2300AC53DD /* XCRemoteSwiftPackageReference "firebase-ios-sdk" */;
			productName = FirebaseAuth;
		};
		5CD606832B7F46B800AC53DD /* FirebaseAuthCombine-Community */ = {
			isa = XCSwiftPackageProductDependency;
			package = 5CD606692B7F3F2300AC53DD /* XCRemoteSwiftPackageReference "firebase-ios-sdk" */;
			productName = "FirebaseAuthCombine-Community";
		};
		5CD606852B7F46B800AC53DD /* FirebaseCrashlytics */ = {
			isa = XCSwiftPackageProductDependency;
			package = 5CD606692B7F3F2300AC53DD /* XCRemoteSwiftPackageReference "firebase-ios-sdk" */;
			productName = FirebaseCrashlytics;
		};
		5CD606872B7F46B800AC53DD /* FirebaseDatabase */ = {
			isa = XCSwiftPackageProductDependency;
			package = 5CD606692B7F3F2300AC53DD /* XCRemoteSwiftPackageReference "firebase-ios-sdk" */;
			productName = FirebaseDatabase;
		};
		5CD606892B7F46B800AC53DD /* FirebaseDatabaseSwift */ = {
			isa = XCSwiftPackageProductDependency;
			package = 5CD606692B7F3F2300AC53DD /* XCRemoteSwiftPackageReference "firebase-ios-sdk" */;
			productName = FirebaseDatabaseSwift;
		};
		5CD6068B2B7F46B800AC53DD /* FirebaseDynamicLinks */ = {
			isa = XCSwiftPackageProductDependency;
			package = 5CD606692B7F3F2300AC53DD /* XCRemoteSwiftPackageReference "firebase-ios-sdk" */;
			productName = FirebaseDynamicLinks;
		};
		5CD6068D2B7F46B800AC53DD /* FirebaseFirestore */ = {
			isa = XCSwiftPackageProductDependency;
			package = 5CD606692B7F3F2300AC53DD /* XCRemoteSwiftPackageReference "firebase-ios-sdk" */;
			productName = FirebaseFirestore;
		};
		5CD6068F2B7F46B800AC53DD /* FirebaseFirestoreCombine-Community */ = {
			isa = XCSwiftPackageProductDependency;
			package = 5CD606692B7F3F2300AC53DD /* XCRemoteSwiftPackageReference "firebase-ios-sdk" */;
			productName = "FirebaseFirestoreCombine-Community";
		};
		5CD606912B7F46B800AC53DD /* FirebaseFirestoreSwift */ = {
			isa = XCSwiftPackageProductDependency;
			package = 5CD606692B7F3F2300AC53DD /* XCRemoteSwiftPackageReference "firebase-ios-sdk" */;
			productName = FirebaseFirestoreSwift;
		};
		5CD606932B7F46B800AC53DD /* FirebaseFunctions */ = {
			isa = XCSwiftPackageProductDependency;
			package = 5CD606692B7F3F2300AC53DD /* XCRemoteSwiftPackageReference "firebase-ios-sdk" */;
			productName = FirebaseFunctions;
		};
		5CD606952B7F46B800AC53DD /* FirebaseFunctionsCombine-Community */ = {
			isa = XCSwiftPackageProductDependency;
			package = 5CD606692B7F3F2300AC53DD /* XCRemoteSwiftPackageReference "firebase-ios-sdk" */;
			productName = "FirebaseFunctionsCombine-Community";
		};
		5CD606972B7F46B800AC53DD /* FirebaseInAppMessaging-Beta */ = {
			isa = XCSwiftPackageProductDependency;
			package = 5CD606692B7F3F2300AC53DD /* XCRemoteSwiftPackageReference "firebase-ios-sdk" */;
			productName = "FirebaseInAppMessaging-Beta";
		};
		5CD606992B7F46B800AC53DD /* FirebaseInAppMessagingSwift-Beta */ = {
			isa = XCSwiftPackageProductDependency;
			package = 5CD606692B7F3F2300AC53DD /* XCRemoteSwiftPackageReference "firebase-ios-sdk" */;
			productName = "FirebaseInAppMessagingSwift-Beta";
		};
		5CD6069B2B7F46B800AC53DD /* FirebaseInstallations */ = {
			isa = XCSwiftPackageProductDependency;
			package = 5CD606692B7F3F2300AC53DD /* XCRemoteSwiftPackageReference "firebase-ios-sdk" */;
			productName = FirebaseInstallations;
		};
		5CD6069D2B7F46B800AC53DD /* FirebaseMLModelDownloader */ = {
			isa = XCSwiftPackageProductDependency;
			package = 5CD606692B7F3F2300AC53DD /* XCRemoteSwiftPackageReference "firebase-ios-sdk" */;
			productName = FirebaseMLModelDownloader;
		};
		5CD6069F2B7F46B800AC53DD /* FirebaseMessaging */ = {
			isa = XCSwiftPackageProductDependency;
			package = 5CD606692B7F3F2300AC53DD /* XCRemoteSwiftPackageReference "firebase-ios-sdk" */;
			productName = FirebaseMessaging;
		};
		5CD606A12B7F46B800AC53DD /* FirebasePerformance */ = {
			isa = XCSwiftPackageProductDependency;
			package = 5CD606692B7F3F2300AC53DD /* XCRemoteSwiftPackageReference "firebase-ios-sdk" */;
			productName = FirebasePerformance;
		};
		5CD606A32B7F46B800AC53DD /* FirebaseRemoteConfig */ = {
			isa = XCSwiftPackageProductDependency;
			package = 5CD606692B7F3F2300AC53DD /* XCRemoteSwiftPackageReference "firebase-ios-sdk" */;
			productName = FirebaseRemoteConfig;
		};
		5CD606A52B7F46B800AC53DD /* FirebaseRemoteConfigSwift */ = {
			isa = XCSwiftPackageProductDependency;
			package = 5CD606692B7F3F2300AC53DD /* XCRemoteSwiftPackageReference "firebase-ios-sdk" */;
			productName = FirebaseRemoteConfigSwift;
		};
		5CD606A72B7F46B800AC53DD /* FirebaseStorage */ = {
			isa = XCSwiftPackageProductDependency;
			package = 5CD606692B7F3F2300AC53DD /* XCRemoteSwiftPackageReference "firebase-ios-sdk" */;
			productName = FirebaseStorage;
		};
		5CD606A92B7F46B800AC53DD /* FirebaseStorageCombine-Community */ = {
			isa = XCSwiftPackageProductDependency;
			package = 5CD606692B7F3F2300AC53DD /* XCRemoteSwiftPackageReference "firebase-ios-sdk" */;
			productName = "FirebaseStorageCombine-Community";
		};
/* End XCSwiftPackageProductDependency section */
	};
	rootObject = 5CD6064D2B7F3D7500AC53DD /* Project object */;
}
